github.com/itsabgr/fak v0.0.0-20240831105450-77fdb2033394 h1:Pjm216d0aurP9BWHZZ4cHV45l+9fSM+JuKy3KuRff2U=
github.com/itsabgr/fak v0.0.0-20240831105450-77fdb2033394/go.mod h1:BwpqPCjqMBNGY2hjEIy6eCoP1WDw0p48siyy3GjVUXQ=
github.com/itsabgr/go-completer v0.0.0-20240831095622-cebe83791322 h1:F/bFdteuzcSha0s3OOsWWN+RnsnnSy8lFX5WR+J/0tY=
github.com/itsabgr/go-completer v0.0.0-20240831095622-cebe83791322/go.mod h1:MWPz5WUZMPJfLjjImiwpwy2xZLTT3fH3OzNON/xBgCI=
